
Microsoft Visual Studio Solution File, Format Version 12.00
# Visual Studio 15
VisualStudioVersion = 15.0.28307.489
MinimumVisualStudioVersion = 10.0.40219.1
Project("{FAE04EC0-301F-11D3-BF4B-00C04F79EFBC}") = "001_RemoveDuplicatesFromSortedArray", "001_RemoveDuplicatesFromSortedArray\001_RemoveDuplicatesFromSortedArray.csproj", "{3F67902E-A938-4CD8-A204-754A6BC9BC5E}"
EndProject
Global
	GlobalSection(SolutionConfigurationPlatforms) = preSolution
		Debug|Any CPU = Debug|Any CPU
		Release|Any CPU = Release|Any CPU
	EndGlobalSection
	GlobalSection(ProjectConfigurationPlatforms) = postSolution
		{3F67902E-A938-4CD8-A204-754A6BC9BC5E}.Debug|Any CPU.ActiveCfg = Debug|Any CPU
		{3F67902E-A938-4CD8-A204-754A6BC9BC5E}.Debug|Any CPU.Build.0 = Debug|Any CPU
		{3F67902E-A938-4CD8-A204-754A6BC9BC5E}.Release|Any CPU.ActiveCfg = Release|Any CPU
		{3F67902E-A938-4CD8-A204-754A6BC9BC5E}.Release|Any CPU.Build.0 = Release|Any CPU
	EndGlobalSection
	GlobalSection(SolutionProperties) = preSolution
		HideSolutionNode = FALSE
	EndGlobalSection
	GlobalSection(ExtensibilityGlobals) = postSolution
		SolutionGuid = {C45AE0C7-1EB3-4AB3-8764-C4FAA69153C4}
	EndGlobalSection
EndGlobal
